
Microsoft Visual Studio Solution File, Format Version 12.00
# Visual Studio 15
VisualStudioVersion = 15.0.28307.645
MinimumVisualStudioVersion = 10.0.40219.1
Project("{FAE04EC0-301F-11D3-BF4B-00C04F79EFBC}") = "SISS", "SISS\SISS.csproj", "{40B09FC4-E649-4910-B665-FEDB5765C4BC}"
EndProject
Global
	GlobalSection(SolutionConfigurationPlatforms) = preSolution
		Debug|Any CPU = Debug|Any CPU
		Release|Any CPU = Release|Any CPU
	EndGlobalSection
	GlobalSection(ProjectConfigurationPlatforms) = postSolution
		{40B09FC4-E649-4910-B665-FEDB5765C4BC}.Debug|Any CPU.ActiveCfg = Debug|Any CPU
		{40B09FC4-E649-4910-B665-FEDB5765C4BC}.Debug|Any CPU.Build.0 = Debug|Any CPU
		{40B09FC4-E649-4910-B665-FEDB5765C4BC}.Release|Any CPU.ActiveCfg = Release|Any CPU
		{40B09FC4-E649-4910-B665-FEDB5765C4BC}.Release|Any CPU.Build.0 = Release|Any CPU
	EndGlobalSection
	GlobalSection(SolutionProperties) = preSolution
		HideSolutionNode = FALSE
	EndGlobalSection
	GlobalSection(ExtensibilityGlobals) = postSolution
		SolutionGuid = {9287DF3C-08C0-4A64-BC1D-E6767A1DBD3D}
	EndGlobalSection
EndGlobal
